
Microsoft Visual Studio Solution File, Format Version 12.00
# Visual Studio Version 16
VisualStudioVersion = 16.0.28803.156
MinimumVisualStudioVersion = 10.0.40219.1
Project("{FAE04EC0-301F-11D3-BF4B-00C04F79EFBC}") = "RUSManagingTool", "DeviceManager\RUSManagingTool.csproj", "{5B76142B-9792-49FF-8870-7D0B11BE7891}"
EndProject
Project("{2150E333-8FDC-42A3-9474-1A3956D46DE8}") = "AProject", "AProject", "{7EFBB9F6-BE50-4837-8EBD-EFDAB885EB0A}"
EndProject
Project("{2150E333-8FDC-42A3-9474-1A3956D46DE8}") = "ZMisc", "ZMisc", "{FE71E494-BEC1-455C-B07C-ACE5A4804819}"
EndProject
Project("{FAE04EC0-301F-11D3-BF4B-00C04F79EFBC}") = "Utilities", "..\..\GeneralPurposeLibs\Utilities\Utilities\Utilities.csproj", "{B76D158D-0AD4-4656-848B-2B33E2684E08}"
EndProject
Project("{FAE04EC0-301F-11D3-BF4B-00C04F79EFBC}") = "WPFControls", "..\..\GeneralPurposeLibs\WPFControls\WPFControls.csproj", "{A927CB69-79E4-4D12-9C24-86C70530727A}"
EndProject
Project("{FAE04EC0-301F-11D3-BF4B-00C04F79EFBC}") = "DeviceBase", "DeviceBase\DeviceBase.csproj", "{DD073C66-A15A-4295-B882-B04276F716BC}"
EndProject
Project("{FAE04EC0-301F-11D3-BF4B-00C04F79EFBC}") = "Logger", "..\..\GeneralPurposeLibs\Logger\Logger.csproj", "{5E0A9736-B0D0-476F-B5B0-FDD56E3ABC33}"
EndProject
Project("{FAE04EC0-301F-11D3-BF4B-00C04F79EFBC}") = "TinyConfig", "..\..\TinyConfig\TinyConfig\TinyConfig.csproj", "{05BDF1D9-7BEA-4711-AB5A-115A35CEBF6C}"
EndProject
Project("{2150E333-8FDC-42A3-9474-1A3956D46DE8}") = "Tests", "Tests", "{69761832-5385-46D4-BACA-E0F7044D2086}"
EndProject
Project("{FAE04EC0-301F-11D3-BF4B-00C04F79EFBC}") = "DeviceBaseTests", "DeviceBaseTests\DeviceBaseTests.csproj", "{CE8AA7F7-9B91-4D8C-8A43-94E5506CFAAC}"
EndProject
Project("{FAE04EC0-301F-11D3-BF4B-00C04F79EFBC}") = "Common", "HighLevelLoger\Common.csproj", "{8626DFD1-B8D7-444E-BAE4-AFBDB05E5AAD}"
EndProject
Project("{FAE04EC0-301F-11D3-BF4B-00C04F79EFBC}") = "Calibrators", "Calibrators\Calibrators.csproj", "{9D2D0A58-50DC-4B4C-AC9C-8D4B1974C001}"
EndProject
Project("{FAE04EC0-301F-11D3-BF4B-00C04F79EFBC}") = "CalibratorsTests", "CalibratorsTests\CalibratorsTests.csproj", "{5B20D256-DC16-49EC-BA5F-0F8A54BF1635}"
EndProject
Project("{FAE04EC0-301F-11D3-BF4B-00C04F79EFBC}") = "SpecificMarshallers", "..\..\TinyConfig\SpecificMarshallers\SpecificMarshallers.csproj", "{C81897D7-C103-4191-8D89-ACFEE3ADCF2D}"
EndProject
Project("{FAE04EC0-301F-11D3-BF4B-00C04F79EFBC}") = "IntegrationTests", "RUSManagingToolTests\IntegrationTests.csproj", "{F2A5505B-726B-4906-A2CD-CA46CC925335}"
EndProject
Project("{FAE04EC0-301F-11D3-BF4B-00C04F79EFBC}") = "VirtualDevice", "VirtualDevice\VirtualDevice.csproj", "{BEB882DB-886B-4CFB-A3B2-4B4F8B61E1BF}"
EndProject
Project("{FAE04EC0-301F-11D3-BF4B-00C04F79EFBC}") = "Test", "Test\Test.csproj", "{EA59BB28-10F6-4EF2-A14A-EE14773D239B}"
EndProject
Project("{9A19103F-16F7-4668-BE54-9A1E7A4F7556}") = "UpdateManager", "UpdateManager\UpdateManager.csproj", "{AEA19C38-14E9-469F-9552-CD83199A144E}"
EndProject
Project("{9A19103F-16F7-4668-BE54-9A1E7A4F7556}") = "UtilitiesStandard", "..\..\GeneralPurposeLibs\Utilities\UtilitiesStandard\UtilitiesStandard.csproj", "{DE0231DB-FFFF-4988-BF22-C1BBAB0A37AD}"
EndProject
Project("{FAE04EC0-301F-11D3-BF4B-00C04F79EFBC}") = "NetFrameworkUtilities", "..\..\GeneralPurposeLibs\Utilities\NetFrameworkUtilities\NetFrameworkUtilities.csproj", "{42D09205-63B1-4548-B6A6-F6D1569C2631}"
EndProject
Project("{9A19103F-16F7-4668-BE54-9A1E7A4F7556}") = "YandexDiskPublicAPIStandard", "..\..\YandexDiskPublic\YandexDiskPublicAPIStandard\YandexDiskPublicAPIStandard.csproj", "{8F209219-E0E4-4F60-B866-B7272E26F594}"
EndProject
Project("{9A19103F-16F7-4668-BE54-9A1E7A4F7556}") = "MVVMUtilitiesStandard", "..\..\GeneralPurposeLibs\MVVMUtilities\MVVMUtilitiesStandard\MVVMUtilitiesStandard.csproj", "{559F4B6C-AB97-4508-934A-EC6C028520B9}"
EndProject
Project("{9A19103F-16F7-4668-BE54-9A1E7A4F7556}") = "UpdateCreator", "UpdateCreator\UpdateCreator.csproj", "{13E8C16D-3704-44A0-B7AE-38CF3650181F}"
EndProject
Project("{2150E333-8FDC-42A3-9474-1A3956D46DE8}") = "Updating", "Updating", "{2106B3FD-E90B-4102-BD28-0D10CD0C3205}"
EndProject
Project("{9A19103F-16F7-4668-BE54-9A1E7A4F7556}") = "CRC16", "..\..\GeneralPurposeLibs\CRC16\CRC16\CRC16.csproj", "{A442AB59-F179-4BD4-94BD-11748E4BFCCB}"
EndProject
Project("{FAE04EC0-301F-11D3-BF4B-00C04F79EFBC}") = "FTD2XXSerialPort", "FTD2XXWrapper\FTD2XXSerialPort.csproj", "{373D4519-A928-4DB9-929D-B20B07BC7EF8}"
EndProject
Project("{FAE04EC0-301F-11D3-BF4B-00C04F79EFBC}") = "IOBase", "IOBase\IOBase.csproj", "{561AECF2-8B7C-4804-840E-C38D8D1657E6}"
EndProject
Project("{FAE04EC0-301F-11D3-BF4B-00C04F79EFBC}") = "Vectors", "..\..\GeneralPurposeLibs\Vectors\Vectors\Vectors.csproj", "{839C7D8A-8283-4969-95DD-5E961AA9F922}"
EndProject
Project("{FAE04EC0-301F-11D3-BF4B-00C04F79EFBC}") = "WPFUtilities", "..\..\GeneralPurposeLibs\WPFUtilities\WPFUtilities\WPFUtilities.csproj", "{115D86AE-B025-4BAD-9932-BEF1E9D9F9E8}"
EndProject
Project("{FAE04EC0-301F-11D3-BF4B-00C04F79EFBC}") = "DSPUtilities", "..\..\GeneralPurposeLibs\DSPLib\DSPLib\DSPUtilities.csproj", "{32AF0E39-DEFE-411A-B832-3CA1BA7C3633}"
EndProject
Project("{2150E333-8FDC-42A3-9474-1A3956D46DE8}") = "Widgets", "Widgets", "{07B8D412-3E2D-4F11-A198-401951933F3C}"
EndProject
Project("{FAE04EC0-301F-11D3-BF4B-00C04F79EFBC}") = "WidgetsCompositionRoot", "WidgetsCompoitionRoot\WidgetsCompositionRoot.csproj", "{B7BF2CD8-30A8-46A1-80C3-F8FF06AB324F}"
EndProject
Project("{FAE04EC0-301F-11D3-BF4B-00C04F79EFBC}") = "RUSManagingToolTests", "RUSManagingToolTests1\RUSManagingToolTests.csproj", "{E668C07B-EBB7-4BA0-A682-5188CF5B0CA6}"
EndProject
Project("{FAE04EC0-301F-11D3-BF4B-00C04F79EFBC}") = "StatusWidget", "DeviceStatusWidget\StatusWidget.csproj", "{6D7B94CA-83DF-45F6-A998-275EED5DFA6C}"
EndProject
Project("{FAE04EC0-301F-11D3-BF4B-00C04F79EFBC}") = "FilesWidget", "FilesWidget\FilesWidget.csproj", "{4F07B611-122C-4B9D-86AB-7B711363E41E}"
EndProject
Project("{FAE04EC0-301F-11D3-BF4B-00C04F79EFBC}") = "InitializationWidget", "InitializationWidget\InitializationWidget.csproj", "{D057D691-4A0B-4F11-84C3-053F7B0AE2EA}"
EndProject
Project("{FAE04EC0-301F-11D3-BF4B-00C04F79EFBC}") = "DataViewWidget", "DataViewWidget\DataViewWidget.csproj", "{362EC55C-FEAE-404F-80CA-C9ED0A205341}"
EndProject
Project("{FAE04EC0-301F-11D3-BF4B-00C04F79EFBC}") = "ViewSettingsWidget", "ViewSettingsWidget\ViewSettingsWidget.csproj", "{941C3D40-B6BD-4E69-B592-8EEBF30832AD}"
EndProject
Project("{FAE04EC0-301F-11D3-BF4B-00C04F79EFBC}") = "RUSTelemetryStreamSenderWidget", "RUSTelemetryStreamSenderWidget\RUSTelemetryStreamSenderWidget.csproj", "{BCFE0364-C2A9-43D7-AC62-0BADC92B52AE}"
EndProject
Project("{FAE04EC0-301F-11D3-BF4B-00C04F79EFBC}") = "DataViewExports", "DataViewExports\DataViewExports.csproj", "{081C920C-30D5-4DFE-8EB1-37D3782003D5}"
EndProject
Project("{FAE04EC0-301F-11D3-BF4B-00C04F79EFBC}") = "Controls", "Controls\Controls.csproj", "{0EA7163E-E6E8-4B26-A348-FD31DB4C6727}"
EndProject
Project("{2150E333-8FDC-42A3-9474-1A3956D46DE8}") = "Exports", "Exports", "{86F2957E-4731-4A63-B3A2-F0FA5C284970}"
EndProject
Project("{FAE04EC0-301F-11D3-BF4B-00C04F79EFBC}") = "InitializationExports", "InitializationExports\InitializationExports.csproj", "{A8B6EA77-01E2-4401-9306-13E1FDD3C727}"
EndProject
Project("{FAE04EC0-301F-11D3-BF4B-00C04F79EFBC}") = "FlashDumpLoaderWidget", "FlashDumpLoaderWidget\FlashDumpLoaderWidget.csproj", "{2E4C3BC6-94C7-4F9D-AE1C-049CBADD9776}"
EndProject
Project("{FAE04EC0-301F-11D3-BF4B-00C04F79EFBC}") = "CommandWidget", "CommandWidget\CommandWidget.csproj", "{B30C95A6-1A7D-4CD1-85FE-36B45E7A649E}"
EndProject
Project("{FAE04EC0-301F-11D3-BF4B-00C04F79EFBC}") = "DataRequestWidget", "DataRequestWidget\DataRequestWidget.csproj", "{74FC9705-8E81-4263-928E-7167A6056426}"
EndProject
Project("{FAE04EC0-301F-11D3-BF4B-00C04F79EFBC}") = "CalibrationWidget", "DeviceCalibrationWidget\CalibrationWidget.csproj", "{D9FE7B9B-45C3-4FCE-9EA9-17C624CC9CB0}"
EndProject
Project("{FAE04EC0-301F-11D3-BF4B-00C04F79EFBC}") = "FlashUploadWidget", "FlashUploadWidget\FlashUploadWidget.csproj", "{32784497-626E-4BE9-9D22-57CE3ACCF283}"
EndProject
Project("{FAE04EC0-301F-11D3-BF4B-00C04F79EFBC}") = "CommandExports", "CommandExports\CommandExports.csproj", "{7CA9F4F8-2375-4940-AFA2-0F6786690B17}"
EndProject
Project("{FAE04EC0-301F-11D3-BF4B-00C04F79EFBC}") = "RUSTelemetryStreamSenderExports", "RUSTelemetryStreamSender\RUSTelemetryStreamSenderExports.csproj", "{7265C468-078F-4E61-B9C4-83653AD900FD}"
EndProject
Project("{FAE04EC0-301F-11D3-BF4B-00C04F79EFBC}") = "FlashDumpLoaderExports", "FlashDumpLoaderExports\FlashDumpLoaderExports.csproj", "{36751930-2B26-4EEB-B0B8-6862E951F4C6}"
EndProject
Project("{FAE04EC0-301F-11D3-BF4B-00C04F79EFBC}") = "Exporters", "Exporters\Exporters.csproj", "{4E786174-50D7-4BD4-99A2-94F3B3A1F7E4}"
EndProject
Project("{FAE04EC0-301F-11D3-BF4B-00C04F79EFBC}") = "ExportersExports", "ExportersExports\ExportersExports.csproj", "{ACD063E1-90D6-43CF-8C0B-6130AAAAC043}"
EndProject
Project("{FAE04EC0-301F-11D3-BF4B-00C04F79EFBC}") = "FilesExports", "FilesExports\FilesExports.csproj", "{1C74B110-715C-498C-9942-38ADE5C2F204}"
EndProject
Project("{FAE04EC0-301F-11D3-BF4B-00C04F79EFBC}") = "RUSManagingToolExports", "RUSManagingToolExports\RUSManagingToolExports.csproj", "{529E73C1-2F2F-4809-931E-B74271442120}"
EndProject
Project("{FAE04EC0-301F-11D3-BF4B-00C04F79EFBC}") = "CalibrationExports", "CalibrationExports\CalibrationExports.csproj", "{9FAA2787-23FB-4D14-BF75-3D3856B8FB57}"
EndProject
Project("{2150E333-8FDC-42A3-9474-1A3956D46DE8}") = "Misc", "Misc", "{0535CB33-12BD-4D7B-BAD9-66F9A0D00931}"
EndProject
Project("{FAE04EC0-301F-11D3-BF4B-00C04F79EFBC}") = "WidgetHelpers", "WidgetHelpers\WidgetHelpers.csproj", "{891FBF8F-A7E5-47CD-B708-E16EBB0487DC}"
EndProject
Project("{FAE04EC0-301F-11D3-BF4B-00C04F79EFBC}") = "RUSModuleSetDirectionWidget", "RUSModuleSetDirrectionWidget\RUSModuleSetDirectionWidget.csproj", "{FD071062-E2F2-47A4-8D5E-3344A7CE2E01}"
EndProject
Global
	GlobalSection(SolutionConfigurationPlatforms) = preSolution
		Debug|Any CPU = Debug|Any CPU
		Release|Any CPU = Release|Any CPU
	EndGlobalSection
	GlobalSection(ProjectConfigurationPlatforms) = postSolution
		{5B76142B-9792-49FF-8870-7D0B11BE7891}.Debug|Any CPU.ActiveCfg = Debug|Any CPU
		{5B76142B-9792-49FF-8870-7D0B11BE7891}.Debug|Any CPU.Build.0 = Debug|Any CPU
		{5B76142B-9792-49FF-8870-7D0B11BE7891}.Release|Any CPU.ActiveCfg = Release|Any CPU
		{5B76142B-9792-49FF-8870-7D0B11BE7891}.Release|Any CPU.Build.0 = Release|Any CPU
		{B76D158D-0AD4-4656-848B-2B33E2684E08}.Debug|Any CPU.ActiveCfg = Debug|Any CPU
		{B76D158D-0AD4-4656-848B-2B33E2684E08}.Debug|Any CPU.Build.0 = Debug|Any CPU
		{B76D158D-0AD4-4656-848B-2B33E2684E08}.Release|Any CPU.ActiveCfg = Release|Any CPU
		{B76D158D-0AD4-4656-848B-2B33E2684E08}.Release|Any CPU.Build.0 = Release|Any CPU
		{A927CB69-79E4-4D12-9C24-86C70530727A}.Debug|Any CPU.ActiveCfg = Debug|Any CPU
		{A927CB69-79E4-4D12-9C24-86C70530727A}.Debug|Any CPU.Build.0 = Debug|Any CPU
		{A927CB69-79E4-4D12-9C24-86C70530727A}.Release|Any CPU.ActiveCfg = Release|Any CPU
		{A927CB69-79E4-4D12-9C24-86C70530727A}.Release|Any CPU.Build.0 = Release|Any CPU
		{DD073C66-A15A-4295-B882-B04276F716BC}.Debug|Any CPU.ActiveCfg = Debug|Any CPU
		{DD073C66-A15A-4295-B882-B04276F716BC}.Debug|Any CPU.Build.0 = Debug|Any CPU
		{DD073C66-A15A-4295-B882-B04276F716BC}.Release|Any CPU.ActiveCfg = Release|Any CPU
		{DD073C66-A15A-4295-B882-B04276F716BC}.Release|Any CPU.Build.0 = Release|Any CPU
		{5E0A9736-B0D0-476F-B5B0-FDD56E3ABC33}.Debug|Any CPU.ActiveCfg = Debug|Any CPU
		{5E0A9736-B0D0-476F-B5B0-FDD56E3ABC33}.Debug|Any CPU.Build.0 = Debug|Any CPU
		{5E0A9736-B0D0-476F-B5B0-FDD56E3ABC33}.Release|Any CPU.ActiveCfg = Release|Any CPU
		{5E0A9736-B0D0-476F-B5B0-FDD56E3ABC33}.Release|Any CPU.Build.0 = Release|Any CPU
		{05BDF1D9-7BEA-4711-AB5A-115A35CEBF6C}.Debug|Any CPU.ActiveCfg = Debug|Any CPU
		{05BDF1D9-7BEA-4711-AB5A-115A35CEBF6C}.Debug|Any CPU.Build.0 = Debug|Any CPU
		{05BDF1D9-7BEA-4711-AB5A-115A35CEBF6C}.Release|Any CPU.ActiveCfg = Release|Any CPU
		{05BDF1D9-7BEA-4711-AB5A-115A35CEBF6C}.Release|Any CPU.Build.0 = Release|Any CPU
		{CE8AA7F7-9B91-4D8C-8A43-94E5506CFAAC}.Debug|Any CPU.ActiveCfg = Debug|Any CPU
		{CE8AA7F7-9B91-4D8C-8A43-94E5506CFAAC}.Debug|Any CPU.Build.0 = Debug|Any CPU
		{CE8AA7F7-9B91-4D8C-8A43-94E5506CFAAC}.Release|Any CPU.ActiveCfg = Release|Any CPU
		{CE8AA7F7-9B91-4D8C-8A43-94E5506CFAAC}.Release|Any CPU.Build.0 = Release|Any CPU
		{8626DFD1-B8D7-444E-BAE4-AFBDB05E5AAD}.Debug|Any CPU.ActiveCfg = Debug|Any CPU
		{8626DFD1-B8D7-444E-BAE4-AFBDB05E5AAD}.Debug|Any CPU.Build.0 = Debug|Any CPU
		{8626DFD1-B8D7-444E-BAE4-AFBDB05E5AAD}.Release|Any CPU.ActiveCfg = Release|Any CPU
		{8626DFD1-B8D7-444E-BAE4-AFBDB05E5AAD}.Release|Any CPU.Build.0 = Release|Any CPU
		{9D2D0A58-50DC-4B4C-AC9C-8D4B1974C001}.Debug|Any CPU.ActiveCfg = Debug|Any CPU
		{9D2D0A58-50DC-4B4C-AC9C-8D4B1974C001}.Debug|Any CPU.Build.0 = Debug|Any CPU
		{9D2D0A58-50DC-4B4C-AC9C-8D4B1974C001}.Release|Any CPU.ActiveCfg = Release|Any CPU
		{9D2D0A58-50DC-4B4C-AC9C-8D4B1974C001}.Release|Any CPU.Build.0 = Release|Any CPU
		{5B20D256-DC16-49EC-BA5F-0F8A54BF1635}.Debug|Any CPU.ActiveCfg = Debug|Any CPU
		{5B20D256-DC16-49EC-BA5F-0F8A54BF1635}.Debug|Any CPU.Build.0 = Debug|Any CPU
		{5B20D256-DC16-49EC-BA5F-0F8A54BF1635}.Release|Any CPU.ActiveCfg = Release|Any CPU
		{5B20D256-DC16-49EC-BA5F-0F8A54BF1635}.Release|Any CPU.Build.0 = Release|Any CPU
		{C81897D7-C103-4191-8D89-ACFEE3ADCF2D}.Debug|Any CPU.ActiveCfg = Debug|Any CPU
		{C81897D7-C103-4191-8D89-ACFEE3ADCF2D}.Debug|Any CPU.Build.0 = Debug|Any CPU
		{C81897D7-C103-4191-8D89-ACFEE3ADCF2D}.Release|Any CPU.ActiveCfg = Release|Any CPU
		{C81897D7-C103-4191-8D89-ACFEE3ADCF2D}.Release|Any CPU.Build.0 = Release|Any CPU
		{F2A5505B-726B-4906-A2CD-CA46CC925335}.Debug|Any CPU.ActiveCfg = Debug|Any CPU
		{F2A5505B-726B-4906-A2CD-CA46CC925335}.Debug|Any CPU.Build.0 = Debug|Any CPU
		{F2A5505B-726B-4906-A2CD-CA46CC925335}.Release|Any CPU.ActiveCfg = Release|Any CPU
		{F2A5505B-726B-4906-A2CD-CA46CC925335}.Release|Any CPU.Build.0 = Release|Any CPU
		{BEB882DB-886B-4CFB-A3B2-4B4F8B61E1BF}.Debug|Any CPU.ActiveCfg = Debug|Any CPU
		{BEB882DB-886B-4CFB-A3B2-4B4F8B61E1BF}.Debug|Any CPU.Build.0 = Debug|Any CPU
		{BEB882DB-886B-4CFB-A3B2-4B4F8B61E1BF}.Release|Any CPU.ActiveCfg = Release|Any CPU
		{BEB882DB-886B-4CFB-A3B2-4B4F8B61E1BF}.Release|Any CPU.Build.0 = Release|Any CPU
		{EA59BB28-10F6-4EF2-A14A-EE14773D239B}.Debug|Any CPU.ActiveCfg = Debug|Any CPU
		{EA59BB28-10F6-4EF2-A14A-EE14773D239B}.Debug|Any CPU.Build.0 = Debug|Any CPU
		{EA59BB28-10F6-4EF2-A14A-EE14773D239B}.Release|Any CPU.ActiveCfg = Release|Any CPU
		{EA59BB28-10F6-4EF2-A14A-EE14773D239B}.Release|Any CPU.Build.0 = Release|Any CPU
		{AEA19C38-14E9-469F-9552-CD83199A144E}.Debug|Any CPU.ActiveCfg = Debug|Any CPU
		{AEA19C38-14E9-469F-9552-CD83199A144E}.Debug|Any CPU.Build.0 = Debug|Any CPU
		{AEA19C38-14E9-469F-9552-CD83199A144E}.Release|Any CPU.ActiveCfg = Release|Any CPU
		{AEA19C38-14E9-469F-9552-CD83199A144E}.Release|Any CPU.Build.0 = Release|Any CPU
		{DE0231DB-FFFF-4988-BF22-C1BBAB0A37AD}.Debug|Any CPU.ActiveCfg = Debug|Any CPU
		{DE0231DB-FFFF-4988-BF22-C1BBAB0A37AD}.Debug|Any CPU.Build.0 = Debug|Any CPU
		{DE0231DB-FFFF-4988-BF22-C1BBAB0A37AD}.Release|Any CPU.ActiveCfg = Release|Any CPU
		{DE0231DB-FFFF-4988-BF22-C1BBAB0A37AD}.Release|Any CPU.Build.0 = Release|Any CPU
		{42D09205-63B1-4548-B6A6-F6D1569C2631}.Debug|Any CPU.ActiveCfg = Debug|Any CPU
		{42D09205-63B1-4548-B6A6-F6D1569C2631}.Debug|Any CPU.Build.0 = Debug|Any CPU
		{42D09205-63B1-4548-B6A6-F6D1569C2631}.Release|Any CPU.ActiveCfg = Release|Any CPU
		{42D09205-63B1-4548-B6A6-F6D1569C2631}.Release|Any CPU.Build.0 = Release|Any CPU
		{8F209219-E0E4-4F60-B866-B7272E26F594}.Debug|Any CPU.ActiveCfg = Debug|Any CPU
		{8F209219-E0E4-4F60-B866-B7272E26F594}.Debug|Any CPU.Build.0 = Debug|Any CPU
		{8F209219-E0E4-4F60-B866-B7272E26F594}.Release|Any CPU.ActiveCfg = Release|Any CPU
		{8F209219-E0E4-4F60-B866-B7272E26F594}.Release|Any CPU.Build.0 = Release|Any CPU
		{559F4B6C-AB97-4508-934A-EC6C028520B9}.Debug|Any CPU.ActiveCfg = Debug|Any CPU
		{559F4B6C-AB97-4508-934A-EC6C028520B9}.Debug|Any CPU.Build.0 = Debug|Any CPU
		{559F4B6C-AB97-4508-934A-EC6C028520B9}.Release|Any CPU.ActiveCfg = Release|Any CPU
		{559F4B6C-AB97-4508-934A-EC6C028520B9}.Release|Any CPU.Build.0 = Release|Any CPU
		{13E8C16D-3704-44A0-B7AE-38CF3650181F}.Debug|Any CPU.ActiveCfg = Debug|Any CPU
		{13E8C16D-3704-44A0-B7AE-38CF3650181F}.Debug|Any CPU.Build.0 = Debug|Any CPU
		{13E8C16D-3704-44A0-B7AE-38CF3650181F}.Release|Any CPU.ActiveCfg = Release|Any CPU
		{13E8C16D-3704-44A0-B7AE-38CF3650181F}.Release|Any CPU.Build.0 = Release|Any CPU
		{A442AB59-F179-4BD4-94BD-11748E4BFCCB}.Debug|Any CPU.ActiveCfg = Debug|Any CPU
		{A442AB59-F179-4BD4-94BD-11748E4BFCCB}.Debug|Any CPU.Build.0 = Debug|Any CPU
		{A442AB59-F179-4BD4-94BD-11748E4BFCCB}.Release|Any CPU.ActiveCfg = Release|Any CPU
		{A442AB59-F179-4BD4-94BD-11748E4BFCCB}.Release|Any CPU.Build.0 = Release|Any CPU
		{373D4519-A928-4DB9-929D-B20B07BC7EF8}.Debug|Any CPU.ActiveCfg = Debug|Any CPU
		{373D4519-A928-4DB9-929D-B20B07BC7EF8}.Debug|Any CPU.Build.0 = Debug|Any CPU
		{373D4519-A928-4DB9-929D-B20B07BC7EF8}.Release|Any CPU.ActiveCfg = Release|Any CPU
		{373D4519-A928-4DB9-929D-B20B07BC7EF8}.Release|Any CPU.Build.0 = Release|Any CPU
		{561AECF2-8B7C-4804-840E-C38D8D1657E6}.Debug|Any CPU.ActiveCfg = Debug|Any CPU
		{561AECF2-8B7C-4804-840E-C38D8D1657E6}.Debug|Any CPU.Build.0 = Debug|Any CPU
		{561AECF2-8B7C-4804-840E-C38D8D1657E6}.Release|Any CPU.ActiveCfg = Release|Any CPU
		{561AECF2-8B7C-4804-840E-C38D8D1657E6}.Release|Any CPU.Build.0 = Release|Any CPU
		{839C7D8A-8283-4969-95DD-5E961AA9F922}.Debug|Any CPU.ActiveCfg = Debug|Any CPU
		{839C7D8A-8283-4969-95DD-5E961AA9F922}.Debug|Any CPU.Build.0 = Debug|Any CPU
		{839C7D8A-8283-4969-95DD-5E961AA9F922}.Release|Any CPU.ActiveCfg = Release|Any CPU
		{839C7D8A-8283-4969-95DD-5E961AA9F922}.Release|Any CPU.Build.0 = Release|Any CPU
		{115D86AE-B025-4BAD-9932-BEF1E9D9F9E8}.Debug|Any CPU.ActiveCfg = Debug|Any CPU
		{115D86AE-B025-4BAD-9932-BEF1E9D9F9E8}.Debug|Any CPU.Build.0 = Debug|Any CPU
		{115D86AE-B025-4BAD-9932-BEF1E9D9F9E8}.Release|Any CPU.ActiveCfg = Release|Any CPU
		{115D86AE-B025-4BAD-9932-BEF1E9D9F9E8}.Release|Any CPU.Build.0 = Release|Any CPU
		{32AF0E39-DEFE-411A-B832-3CA1BA7C3633}.Debug|Any CPU.ActiveCfg = Debug|Any CPU
		{32AF0E39-DEFE-411A-B832-3CA1BA7C3633}.Debug|Any CPU.Build.0 = Debug|Any CPU
		{32AF0E39-DEFE-411A-B832-3CA1BA7C3633}.Release|Any CPU.ActiveCfg = Release|Any CPU
		{32AF0E39-DEFE-411A-B832-3CA1BA7C3633}.Release|Any CPU.Build.0 = Release|Any CPU
		{B7BF2CD8-30A8-46A1-80C3-F8FF06AB324F}.Debug|Any CPU.ActiveCfg = Debug|Any CPU
		{B7BF2CD8-30A8-46A1-80C3-F8FF06AB324F}.Debug|Any CPU.Build.0 = Debug|Any CPU
		{B7BF2CD8-30A8-46A1-80C3-F8FF06AB324F}.Release|Any CPU.ActiveCfg = Release|Any CPU
		{B7BF2CD8-30A8-46A1-80C3-F8FF06AB324F}.Release|Any CPU.Build.0 = Release|Any CPU
		{E668C07B-EBB7-4BA0-A682-5188CF5B0CA6}.Debug|Any CPU.ActiveCfg = Debug|Any CPU
		{E668C07B-EBB7-4BA0-A682-5188CF5B0CA6}.Debug|Any CPU.Build.0 = Debug|Any CPU
		{E668C07B-EBB7-4BA0-A682-5188CF5B0CA6}.Release|Any CPU.ActiveCfg = Release|Any CPU
		{E668C07B-EBB7-4BA0-A682-5188CF5B0CA6}.Release|Any CPU.Build.0 = Release|Any CPU
		{6D7B94CA-83DF-45F6-A998-275EED5DFA6C}.Debug|Any CPU.ActiveCfg = Debug|Any CPU
		{6D7B94CA-83DF-45F6-A998-275EED5DFA6C}.Debug|Any CPU.Build.0 = Debug|Any CPU
		{6D7B94CA-83DF-45F6-A998-275EED5DFA6C}.Release|Any CPU.ActiveCfg = Release|Any CPU
		{6D7B94CA-83DF-45F6-A998-275EED5DFA6C}.Release|Any CPU.Build.0 = Release|Any CPU
		{4F07B611-122C-4B9D-86AB-7B711363E41E}.Debug|Any CPU.ActiveCfg = Debug|Any CPU
		{4F07B611-122C-4B9D-86AB-7B711363E41E}.Debug|Any CPU.Build.0 = Debug|Any CPU
		{4F07B611-122C-4B9D-86AB-7B711363E41E}.Release|Any CPU.ActiveCfg = Release|Any CPU
		{4F07B611-122C-4B9D-86AB-7B711363E41E}.Release|Any CPU.Build.0 = Release|Any CPU
		{D057D691-4A0B-4F11-84C3-053F7B0AE2EA}.Debug|Any CPU.ActiveCfg = Debug|Any CPU
		{D057D691-4A0B-4F11-84C3-053F7B0AE2EA}.Debug|Any CPU.Build.0 = Debug|Any CPU
		{D057D691-4A0B-4F11-84C3-053F7B0AE2EA}.Release|Any CPU.ActiveCfg = Release|Any CPU
		{D057D691-4A0B-4F11-84C3-053F7B0AE2EA}.Release|Any CPU.Build.0 = Release|Any CPU
		{362EC55C-FEAE-404F-80CA-C9ED0A205341}.Debug|Any CPU.ActiveCfg = Debug|Any CPU
		{362EC55C-FEAE-404F-80CA-C9ED0A205341}.Debug|Any CPU.Build.0 = Debug|Any CPU
		{362EC55C-FEAE-404F-80CA-C9ED0A205341}.Release|Any CPU.ActiveCfg = Release|Any CPU
		{362EC55C-FEAE-404F-80CA-C9ED0A205341}.Release|Any CPU.Build.0 = Release|Any CPU
		{941C3D40-B6BD-4E69-B592-8EEBF30832AD}.Debug|Any CPU.ActiveCfg = Debug|Any CPU
		{941C3D40-B6BD-4E69-B592-8EEBF30832AD}.Debug|Any CPU.Build.0 = Debug|Any CPU
		{941C3D40-B6BD-4E69-B592-8EEBF30832AD}.Release|Any CPU.ActiveCfg = Release|Any CPU
		{941C3D40-B6BD-4E69-B592-8EEBF30832AD}.Release|Any CPU.Build.0 = Release|Any CPU
		{BCFE0364-C2A9-43D7-AC62-0BADC92B52AE}.Debug|Any CPU.ActiveCfg = Debug|Any CPU
		{BCFE0364-C2A9-43D7-AC62-0BADC92B52AE}.Debug|Any CPU.Build.0 = Debug|Any CPU
		{BCFE0364-C2A9-43D7-AC62-0BADC92B52AE}.Release|Any CPU.ActiveCfg = Release|Any CPU
		{BCFE0364-C2A9-43D7-AC62-0BADC92B52AE}.Release|Any CPU.Build.0 = Release|Any CPU
		{081C920C-30D5-4DFE-8EB1-37D3782003D5}.Debug|Any CPU.ActiveCfg = Debug|Any CPU
		{081C920C-30D5-4DFE-8EB1-37D3782003D5}.Debug|Any CPU.Build.0 = Debug|Any CPU
		{081C920C-30D5-4DFE-8EB1-37D3782003D5}.Release|Any CPU.ActiveCfg = Release|Any CPU
		{081C920C-30D5-4DFE-8EB1-37D3782003D5}.Release|Any CPU.Build.0 = Release|Any CPU
		{0EA7163E-E6E8-4B26-A348-FD31DB4C6727}.Debug|Any CPU.ActiveCfg = Debug|Any CPU
		{0EA7163E-E6E8-4B26-A348-FD31DB4C6727}.Debug|Any CPU.Build.0 = Debug|Any CPU
		{0EA7163E-E6E8-4B26-A348-FD31DB4C6727}.Release|Any CPU.ActiveCfg = Release|Any CPU
		{0EA7163E-E6E8-4B26-A348-FD31DB4C6727}.Release|Any CPU.Build.0 = Release|Any CPU
		{A8B6EA77-01E2-4401-9306-13E1FDD3C727}.Debug|Any CPU.ActiveCfg = Debug|Any CPU
		{A8B6EA77-01E2-4401-9306-13E1FDD3C727}.Debug|Any CPU.Build.0 = Debug|Any CPU
		{A8B6EA77-01E2-4401-9306-13E1FDD3C727}.Release|Any CPU.ActiveCfg = Release|Any CPU
		{A8B6EA77-01E2-4401-9306-13E1FDD3C727}.Release|Any CPU.Build.0 = Release|Any CPU
		{2E4C3BC6-94C7-4F9D-AE1C-049CBADD9776}.Debug|Any CPU.ActiveCfg = Debug|Any CPU
		{2E4C3BC6-94C7-4F9D-AE1C-049CBADD9776}.Debug|Any CPU.Build.0 = Debug|Any CPU
		{2E4C3BC6-94C7-4F9D-AE1C-049CBADD9776}.Release|Any CPU.ActiveCfg = Release|Any CPU
		{2E4C3BC6-94C7-4F9D-AE1C-049CBADD9776}.Release|Any CPU.Build.0 = Release|Any CPU
		{B30C95A6-1A7D-4CD1-85FE-36B45E7A649E}.Debug|Any CPU.ActiveCfg = Debug|Any CPU
		{B30C95A6-1A7D-4CD1-85FE-36B45E7A649E}.Debug|Any CPU.Build.0 = Debug|Any CPU
		{B30C95A6-1A7D-4CD1-85FE-36B45E7A649E}.Release|Any CPU.ActiveCfg = Release|Any CPU
		{B30C95A6-1A7D-4CD1-85FE-36B45E7A649E}.Release|Any CPU.Build.0 = Release|Any CPU
		{74FC9705-8E81-4263-928E-7167A6056426}.Debug|Any CPU.ActiveCfg = Debug|Any CPU
		{74FC9705-8E81-4263-928E-7167A6056426}.Debug|Any CPU.Build.0 = Debug|Any CPU
		{74FC9705-8E81-4263-928E-7167A6056426}.Release|Any CPU.ActiveCfg = Release|Any CPU
		{74FC9705-8E81-4263-928E-7167A6056426}.Release|Any CPU.Build.0 = Release|Any CPU
		{D9FE7B9B-45C3-4FCE-9EA9-17C624CC9CB0}.Debug|Any CPU.ActiveCfg = Debug|Any CPU
		{D9FE7B9B-45C3-4FCE-9EA9-17C624CC9CB0}.Debug|Any CPU.Build.0 = Debug|Any CPU
		{D9FE7B9B-45C3-4FCE-9EA9-17C624CC9CB0}.Release|Any CPU.ActiveCfg = Release|Any CPU
		{D9FE7B9B-45C3-4FCE-9EA9-17C624CC9CB0}.Release|Any CPU.Build.0 = Release|Any CPU
		{32784497-626E-4BE9-9D22-57CE3ACCF283}.Debug|Any CPU.ActiveCfg = Debug|Any CPU
		{32784497-626E-4BE9-9D22-57CE3ACCF283}.Debug|Any CPU.Build.0 = Debug|Any CPU
		{32784497-626E-4BE9-9D22-57CE3ACCF283}.Release|Any CPU.ActiveCfg = Release|Any CPU
		{32784497-626E-4BE9-9D22-57CE3ACCF283}.Release|Any CPU.Build.0 = Release|Any CPU
		{7CA9F4F8-2375-4940-AFA2-0F6786690B17}.Debug|Any CPU.ActiveCfg = Debug|Any CPU
		{7CA9F4F8-2375-4940-AFA2-0F6786690B17}.Debug|Any CPU.Build.0 = Debug|Any CPU
		{7CA9F4F8-2375-4940-AFA2-0F6786690B17}.Release|Any CPU.ActiveCfg = Release|Any CPU
		{7CA9F4F8-2375-4940-AFA2-0F6786690B17}.Release|Any CPU.Build.0 = Release|Any CPU
		{7265C468-078F-4E61-B9C4-83653AD900FD}.Debug|Any CPU.ActiveCfg = Debug|Any CPU
		{7265C468-078F-4E61-B9C4-83653AD900FD}.Debug|Any CPU.Build.0 = Debug|Any CPU
		{7265C468-078F-4E61-B9C4-83653AD900FD}.Release|Any CPU.ActiveCfg = Release|Any CPU
		{7265C468-078F-4E61-B9C4-83653AD900FD}.Release|Any CPU.Build.0 = Release|Any CPU
		{36751930-2B26-4EEB-B0B8-6862E951F4C6}.Debug|Any CPU.ActiveCfg = Debug|Any CPU
		{36751930-2B26-4EEB-B0B8-6862E951F4C6}.Debug|Any CPU.Build.0 = Debug|Any CPU
		{36751930-2B26-4EEB-B0B8-6862E951F4C6}.Release|Any CPU.ActiveCfg = Release|Any CPU
		{36751930-2B26-4EEB-B0B8-6862E951F4C6}.Release|Any CPU.Build.0 = Release|Any CPU
		{4E786174-50D7-4BD4-99A2-94F3B3A1F7E4}.Debug|Any CPU.ActiveCfg = Debug|Any CPU
		{4E786174-50D7-4BD4-99A2-94F3B3A1F7E4}.Debug|Any CPU.Build.0 = Debug|Any CPU
		{4E786174-50D7-4BD4-99A2-94F3B3A1F7E4}.Release|Any CPU.ActiveCfg = Release|Any CPU
		{4E786174-50D7-4BD4-99A2-94F3B3A1F7E4}.Release|Any CPU.Build.0 = Release|Any CPU
		{ACD063E1-90D6-43CF-8C0B-6130AAAAC043}.Debug|Any CPU.ActiveCfg = Debug|Any CPU
		{ACD063E1-90D6-43CF-8C0B-6130AAAAC043}.Debug|Any CPU.Build.0 = Debug|Any CPU
		{ACD063E1-90D6-43CF-8C0B-6130AAAAC043}.Release|Any CPU.ActiveCfg = Release|Any CPU
		{ACD063E1-90D6-43CF-8C0B-6130AAAAC043}.Release|Any CPU.Build.0 = Release|Any CPU
		{1C74B110-715C-498C-9942-38ADE5C2F204}.Debug|Any CPU.ActiveCfg = Debug|Any CPU
		{1C74B110-715C-498C-9942-38ADE5C2F204}.Debug|Any CPU.Build.0 = Debug|Any CPU
		{1C74B110-715C-498C-9942-38ADE5C2F204}.Release|Any CPU.ActiveCfg = Release|Any CPU
		{1C74B110-715C-498C-9942-38ADE5C2F204}.Release|Any CPU.Build.0 = Release|Any CPU
		{529E73C1-2F2F-4809-931E-B74271442120}.Debug|Any CPU.ActiveCfg = Debug|Any CPU
		{529E73C1-2F2F-4809-931E-B74271442120}.Debug|Any CPU.Build.0 = Debug|Any CPU
		{529E73C1-2F2F-4809-931E-B74271442120}.Release|Any CPU.ActiveCfg = Release|Any CPU
		{529E73C1-2F2F-4809-931E-B74271442120}.Release|Any CPU.Build.0 = Release|Any CPU
		{9FAA2787-23FB-4D14-BF75-3D3856B8FB57}.Debug|Any CPU.ActiveCfg = Debug|Any CPU
		{9FAA2787-23FB-4D14-BF75-3D3856B8FB57}.Debug|Any CPU.Build.0 = Debug|Any CPU
		{9FAA2787-23FB-4D14-BF75-3D3856B8FB57}.Release|Any CPU.ActiveCfg = Release|Any CPU
		{9FAA2787-23FB-4D14-BF75-3D3856B8FB57}.Release|Any CPU.Build.0 = Release|Any CPU
		{891FBF8F-A7E5-47CD-B708-E16EBB0487DC}.Debug|Any CPU.ActiveCfg = Debug|Any CPU
		{891FBF8F-A7E5-47CD-B708-E16EBB0487DC}.Debug|Any CPU.Build.0 = Debug|Any CPU
		{891FBF8F-A7E5-47CD-B708-E16EBB0487DC}.Release|Any CPU.ActiveCfg = Release|Any CPU
		{891FBF8F-A7E5-47CD-B708-E16EBB0487DC}.Release|Any CPU.Build.0 = Release|Any CPU
		{FD071062-E2F2-47A4-8D5E-3344A7CE2E01}.Debug|Any CPU.ActiveCfg = Debug|Any CPU
		{FD071062-E2F2-47A4-8D5E-3344A7CE2E01}.Debug|Any CPU.Build.0 = Debug|Any CPU
		{FD071062-E2F2-47A4-8D5E-3344A7CE2E01}.Release|Any CPU.ActiveCfg = Release|Any CPU
		{FD071062-E2F2-47A4-8D5E-3344A7CE2E01}.Release|Any CPU.Build.0 = Release|Any CPU
	EndGlobalSection
	GlobalSection(SolutionProperties) = preSolution
		HideSolutionNode = FALSE
	EndGlobalSection
	GlobalSection(NestedProjects) = preSolution
		{5B76142B-9792-49FF-8870-7D0B11BE7891} = {7EFBB9F6-BE50-4837-8EBD-EFDAB885EB0A}
		{B76D158D-0AD4-4656-848B-2B33E2684E08} = {FE71E494-BEC1-455C-B07C-ACE5A4804819}
		{A927CB69-79E4-4D12-9C24-86C70530727A} = {FE71E494-BEC1-455C-B07C-ACE5A4804819}
		{DD073C66-A15A-4295-B882-B04276F716BC} = {7EFBB9F6-BE50-4837-8EBD-EFDAB885EB0A}
		{5E0A9736-B0D0-476F-B5B0-FDD56E3ABC33} = {FE71E494-BEC1-455C-B07C-ACE5A4804819}
		{05BDF1D9-7BEA-4711-AB5A-115A35CEBF6C} = {FE71E494-BEC1-455C-B07C-ACE5A4804819}
		{69761832-5385-46D4-BACA-E0F7044D2086} = {7EFBB9F6-BE50-4837-8EBD-EFDAB885EB0A}
		{CE8AA7F7-9B91-4D8C-8A43-94E5506CFAAC} = {69761832-5385-46D4-BACA-E0F7044D2086}
		{8626DFD1-B8D7-444E-BAE4-AFBDB05E5AAD} = {7EFBB9F6-BE50-4837-8EBD-EFDAB885EB0A}
		{9D2D0A58-50DC-4B4C-AC9C-8D4B1974C001} = {7EFBB9F6-BE50-4837-8EBD-EFDAB885EB0A}
		{5B20D256-DC16-49EC-BA5F-0F8A54BF1635} = {69761832-5385-46D4-BACA-E0F7044D2086}
		{C81897D7-C103-4191-8D89-ACFEE3ADCF2D} = {FE71E494-BEC1-455C-B07C-ACE5A4804819}
		{F2A5505B-726B-4906-A2CD-CA46CC925335} = {69761832-5385-46D4-BACA-E0F7044D2086}
		{BEB882DB-886B-4CFB-A3B2-4B4F8B61E1BF} = {7EFBB9F6-BE50-4837-8EBD-EFDAB885EB0A}
		{EA59BB28-10F6-4EF2-A14A-EE14773D239B} = {7EFBB9F6-BE50-4837-8EBD-EFDAB885EB0A}
		{AEA19C38-14E9-469F-9552-CD83199A144E} = {2106B3FD-E90B-4102-BD28-0D10CD0C3205}
		{DE0231DB-FFFF-4988-BF22-C1BBAB0A37AD} = {FE71E494-BEC1-455C-B07C-ACE5A4804819}
		{42D09205-63B1-4548-B6A6-F6D1569C2631} = {FE71E494-BEC1-455C-B07C-ACE5A4804819}
		{8F209219-E0E4-4F60-B866-B7272E26F594} = {FE71E494-BEC1-455C-B07C-ACE5A4804819}
		{559F4B6C-AB97-4508-934A-EC6C028520B9} = {FE71E494-BEC1-455C-B07C-ACE5A4804819}
		{13E8C16D-3704-44A0-B7AE-38CF3650181F} = {2106B3FD-E90B-4102-BD28-0D10CD0C3205}
		{2106B3FD-E90B-4102-BD28-0D10CD0C3205} = {7EFBB9F6-BE50-4837-8EBD-EFDAB885EB0A}
		{A442AB59-F179-4BD4-94BD-11748E4BFCCB} = {FE71E494-BEC1-455C-B07C-ACE5A4804819}
		{373D4519-A928-4DB9-929D-B20B07BC7EF8} = {7EFBB9F6-BE50-4837-8EBD-EFDAB885EB0A}
		{561AECF2-8B7C-4804-840E-C38D8D1657E6} = {7EFBB9F6-BE50-4837-8EBD-EFDAB885EB0A}
		{839C7D8A-8283-4969-95DD-5E961AA9F922} = {FE71E494-BEC1-455C-B07C-ACE5A4804819}
		{115D86AE-B025-4BAD-9932-BEF1E9D9F9E8} = {FE71E494-BEC1-455C-B07C-ACE5A4804819}
		{32AF0E39-DEFE-411A-B832-3CA1BA7C3633} = {FE71E494-BEC1-455C-B07C-ACE5A4804819}
		{07B8D412-3E2D-4F11-A198-401951933F3C} = {7EFBB9F6-BE50-4837-8EBD-EFDAB885EB0A}
		{B7BF2CD8-30A8-46A1-80C3-F8FF06AB324F} = {07B8D412-3E2D-4F11-A198-401951933F3C}
		{E668C07B-EBB7-4BA0-A682-5188CF5B0CA6} = {69761832-5385-46D4-BACA-E0F7044D2086}
		{6D7B94CA-83DF-45F6-A998-275EED5DFA6C} = {07B8D412-3E2D-4F11-A198-401951933F3C}
		{4F07B611-122C-4B9D-86AB-7B711363E41E} = {07B8D412-3E2D-4F11-A198-401951933F3C}
		{D057D691-4A0B-4F11-84C3-053F7B0AE2EA} = {07B8D412-3E2D-4F11-A198-401951933F3C}
		{362EC55C-FEAE-404F-80CA-C9ED0A205341} = {07B8D412-3E2D-4F11-A198-401951933F3C}
		{941C3D40-B6BD-4E69-B592-8EEBF30832AD} = {07B8D412-3E2D-4F11-A198-401951933F3C}
		{BCFE0364-C2A9-43D7-AC62-0BADC92B52AE} = {07B8D412-3E2D-4F11-A198-401951933F3C}
		{081C920C-30D5-4DFE-8EB1-37D3782003D5} = {86F2957E-4731-4A63-B3A2-F0FA5C284970}
		{0EA7163E-E6E8-4B26-A348-FD31DB4C6727} = {7EFBB9F6-BE50-4837-8EBD-EFDAB885EB0A}
		{86F2957E-4731-4A63-B3A2-F0FA5C284970} = {07B8D412-3E2D-4F11-A198-401951933F3C}
		{A8B6EA77-01E2-4401-9306-13E1FDD3C727} = {86F2957E-4731-4A63-B3A2-F0FA5C284970}
		{2E4C3BC6-94C7-4F9D-AE1C-049CBADD9776} = {07B8D412-3E2D-4F11-A198-401951933F3C}
		{B30C95A6-1A7D-4CD1-85FE-36B45E7A649E} = {07B8D412-3E2D-4F11-A198-401951933F3C}
		{74FC9705-8E81-4263-928E-7167A6056426} = {07B8D412-3E2D-4F11-A198-401951933F3C}
		{D9FE7B9B-45C3-4FCE-9EA9-17C624CC9CB0} = {07B8D412-3E2D-4F11-A198-401951933F3C}
		{32784497-626E-4BE9-9D22-57CE3ACCF283} = {07B8D412-3E2D-4F11-A198-401951933F3C}
		{7CA9F4F8-2375-4940-AFA2-0F6786690B17} = {86F2957E-4731-4A63-B3A2-F0FA5C284970}
		{7265C468-078F-4E61-B9C4-83653AD900FD} = {86F2957E-4731-4A63-B3A2-F0FA5C284970}
		{36751930-2B26-4EEB-B0B8-6862E951F4C6} = {86F2957E-4731-4A63-B3A2-F0FA5C284970}
		{4E786174-50D7-4BD4-99A2-94F3B3A1F7E4} = {7EFBB9F6-BE50-4837-8EBD-EFDAB885EB0A}
		{ACD063E1-90D6-43CF-8C0B-6130AAAAC043} = {7EFBB9F6-BE50-4837-8EBD-EFDAB885EB0A}
		{1C74B110-715C-498C-9942-38ADE5C2F204} = {86F2957E-4731-4A63-B3A2-F0FA5C284970}
		{529E73C1-2F2F-4809-931E-B74271442120} = {7EFBB9F6-BE50-4837-8EBD-EFDAB885EB0A}
		{9FAA2787-23FB-4D14-BF75-3D3856B8FB57} = {86F2957E-4731-4A63-B3A2-F0FA5C284970}
		{0535CB33-12BD-4D7B-BAD9-66F9A0D00931} = {07B8D412-3E2D-4F11-A198-401951933F3C}
		{891FBF8F-A7E5-47CD-B708-E16EBB0487DC} = {0535CB33-12BD-4D7B-BAD9-66F9A0D00931}
		{FD071062-E2F2-47A4-8D5E-3344A7CE2E01} = {07B8D412-3E2D-4F11-A198-401951933F3C}
	EndGlobalSection
	GlobalSection(ExtensibilityGlobals) = postSolution
		SolutionGuid = {AC194396-C984-411C-B877-6AF0F9BA0690}
	EndGlobalSection
EndGlobal
